
Microsoft Visual Studio Solution File, Format Version 12.00
# Visual Studio Version 17
VisualStudioVersion = 17.11.35222.181
MinimumVisualStudioVersion = 10.0.40219.1
Project("{FAE04EC0-301F-11D3-BF4B-00C04F79EFBC}") = "Задание. WPF", "Задание. WPF\Задание. WPF.csproj", "{50F48D8D-E24A-42C3-B5CD-980F8B9196EA}"
EndProject
Global
	GlobalSection(SolutionConfigurationPlatforms) = preSolution
		Debug|Any CPU = Debug|Any CPU
		Release|Any CPU = Release|Any CPU
	EndGlobalSection
	GlobalSection(ProjectConfigurationPlatforms) = postSolution
		{50F48D8D-E24A-42C3-B5CD-980F8B9196EA}.Debug|Any CPU.ActiveCfg = Debug|Any CPU
		{50F48D8D-E24A-42C3-B5CD-980F8B9196EA}.Debug|Any CPU.Build.0 = Debug|Any CPU
		{50F48D8D-E24A-42C3-B5CD-980F8B9196EA}.Release|Any CPU.ActiveCfg = Release|Any CPU
		{50F48D8D-E24A-42C3-B5CD-980F8B9196EA}.Release|Any CPU.Build.0 = Release|Any CPU
	EndGlobalSection
	GlobalSection(SolutionProperties) = preSolution
		HideSolutionNode = FALSE
	EndGlobalSection
	GlobalSection(ExtensibilityGlobals) = postSolution
		SolutionGuid = {EAB609DC-7652-4533-977A-88081B7CD78A}
	EndGlobalSection
EndGlobal
